
Microsoft Visual Studio Solution File, Format Version 12.00
Project("{FAE04EC0-301F-11D3-BF4B-00C04F79EFBC}") = "Aula4", "Aula4\Aula4.csproj", "{47288538-2546-4476-AECF-8C2C51978894}"
EndProject
Project("{FAE04EC0-301F-11D3-BF4B-00C04F79EFBC}") = "Aula5", "Aula5\Aula5.csproj", "{9DAC9300-3F22-4909-8225-52CEA5CC94DD}"
EndProject
Project("{FAE04EC0-301F-11D3-BF4B-00C04F79EFBC}") = "Aula6", "Aula6\Aula6.csproj", "{1D77673C-35F0-4EFE-8736-A52FFCF00EC4}"
EndProject
Project("{FAE04EC0-301F-11D3-BF4B-00C04F79EFBC}") = "Aula8", "Aula8\Aula8.csproj", "{FF505445-2AFD-437C-AF6D-9D4F2579C2C7}"
EndProject
Project("{FAE04EC0-301F-11D3-BF4B-00C04F79EFBC}") = "Aula9", "Aula9\Aula9.csproj", "{431F0D12-0023-47D5-B087-EB5B28AB65B2}"
EndProject
Project("{FAE04EC0-301F-11D3-BF4B-00C04F79EFBC}") = "LojaMagica", "LojaMagica\LojaMagica.csproj", "{7081866C-2EAE-4433-B9F0-EF512257565D}"
EndProject
Global
	GlobalSection(SolutionConfigurationPlatforms) = preSolution
		Debug|Any CPU = Debug|Any CPU
		Release|Any CPU = Release|Any CPU
	EndGlobalSection
	GlobalSection(ProjectConfigurationPlatforms) = postSolution
		{47288538-2546-4476-AECF-8C2C51978894}.Debug|Any CPU.ActiveCfg = Debug|Any CPU
		{47288538-2546-4476-AECF-8C2C51978894}.Debug|Any CPU.Build.0 = Debug|Any CPU
		{47288538-2546-4476-AECF-8C2C51978894}.Release|Any CPU.ActiveCfg = Release|Any CPU
		{47288538-2546-4476-AECF-8C2C51978894}.Release|Any CPU.Build.0 = Release|Any CPU
		{9DAC9300-3F22-4909-8225-52CEA5CC94DD}.Debug|Any CPU.ActiveCfg = Debug|Any CPU
		{9DAC9300-3F22-4909-8225-52CEA5CC94DD}.Debug|Any CPU.Build.0 = Debug|Any CPU
		{9DAC9300-3F22-4909-8225-52CEA5CC94DD}.Release|Any CPU.ActiveCfg = Release|Any CPU
		{9DAC9300-3F22-4909-8225-52CEA5CC94DD}.Release|Any CPU.Build.0 = Release|Any CPU
		{1D77673C-35F0-4EFE-8736-A52FFCF00EC4}.Debug|Any CPU.ActiveCfg = Debug|Any CPU
		{1D77673C-35F0-4EFE-8736-A52FFCF00EC4}.Debug|Any CPU.Build.0 = Debug|Any CPU
		{1D77673C-35F0-4EFE-8736-A52FFCF00EC4}.Release|Any CPU.ActiveCfg = Release|Any CPU
		{1D77673C-35F0-4EFE-8736-A52FFCF00EC4}.Release|Any CPU.Build.0 = Release|Any CPU
		{FF505445-2AFD-437C-AF6D-9D4F2579C2C7}.Debug|Any CPU.ActiveCfg = Debug|Any CPU
		{FF505445-2AFD-437C-AF6D-9D4F2579C2C7}.Debug|Any CPU.Build.0 = Debug|Any CPU
		{FF505445-2AFD-437C-AF6D-9D4F2579C2C7}.Release|Any CPU.ActiveCfg = Release|Any CPU
		{FF505445-2AFD-437C-AF6D-9D4F2579C2C7}.Release|Any CPU.Build.0 = Release|Any CPU
		{431F0D12-0023-47D5-B087-EB5B28AB65B2}.Debug|Any CPU.ActiveCfg = Debug|Any CPU
		{431F0D12-0023-47D5-B087-EB5B28AB65B2}.Debug|Any CPU.Build.0 = Debug|Any CPU
		{431F0D12-0023-47D5-B087-EB5B28AB65B2}.Release|Any CPU.ActiveCfg = Release|Any CPU
		{431F0D12-0023-47D5-B087-EB5B28AB65B2}.Release|Any CPU.Build.0 = Release|Any CPU
		{7081866C-2EAE-4433-B9F0-EF512257565D}.Debug|Any CPU.ActiveCfg = Debug|Any CPU
		{7081866C-2EAE-4433-B9F0-EF512257565D}.Debug|Any CPU.Build.0 = Debug|Any CPU
		{7081866C-2EAE-4433-B9F0-EF512257565D}.Release|Any CPU.ActiveCfg = Release|Any CPU
		{7081866C-2EAE-4433-B9F0-EF512257565D}.Release|Any CPU.Build.0 = Release|Any CPU
	EndGlobalSection
EndGlobal
