
Microsoft Visual Studio Solution File, Format Version 12.00
Project("{FAE04EC0-301F-11D3-BF4B-00C04F79EFBC}") = "Aula4", "Aula4\Aula4.csproj", "{47288538-2546-4476-AECF-8C2C51978894}"
EndProject
Project("{FAE04EC0-301F-11D3-BF4B-00C04F79EFBC}") = "Aula5", "Aula5\Aula5.csproj", "{9DAC9300-3F22-4909-8225-52CEA5CC94DD}"
EndProject
Project("{FAE04EC0-301F-11D3-BF4B-00C04F79EFBC}") = "Aula6", "Aula6\Aula6.csproj", "{1D77673C-35F0-4EFE-8736-A52FFCF00EC4}"
EndProject
Project("{FAE04EC0-301F-11D3-BF4B-00C04F79EFBC}") = "Aula8", "Aula8\Aula8.csproj", "{FF505445-2AFD-437C-AF6D-9D4F2579C2C7}"
EndProject
Project("{FAE04EC0-301F-11D3-BF4B-00C04F79EFBC}") = "Aula9", "Aula9\Aula9.csproj", "{431F0D12-0023-47D5-B087-EB5B28AB65B2}"
EndProject
Project("{FAE04EC0-301F-11D3-BF4B-00C04F79EFBC}") = "LojaMagica", "LojaMagica\LojaMagica.csproj", "{7081866C-2EAE-4433-B9F0-EF512257565D}"
EndProject
Project("{FAE04EC0-301F-11D3-BF4B-00C04F79EFBC}") = "Aula10", "Aula10\Aula10.csproj", "{7CDED898-FC22-4D50-8673-6F52D6A48AA9}"
EndProject
Project("{FAE04EC0-301F-11D3-BF4B-00C04F79EFBC}") = "ExemploEncapsulamento", "ExemploEncapsulamento\ExemploEncapsulamento.csproj", "{5C4B0758-6582-4799-AB11-963A6879B972}"
EndProject
Project("{FAE04EC0-301F-11D3-BF4B-00C04F79EFBC}") = "Insetos", "Insetos\Insetos.csproj", "{87840EE0-9BB9-47BB-9A39-30E62B0EA4CD}"
EndProject
Project("{FAE04EC0-301F-11D3-BF4B-00C04F79EFBC}") = "Aula12", "Aula12\Aula12.csproj", "{3D3B21BE-C49A-4623-A79E-2013A9BB5BF5}"
EndProject
Project("{FAE04EC0-301F-11D3-BF4B-00C04F79EFBC}") = "Aula13", "Aula13\Aula13.csproj", "{0C96DEB8-3ECC-4184-AD0B-9A160E948A6A}"
EndProject
Global
	GlobalSection(SolutionConfigurationPlatforms) = preSolution
		Debug|Any CPU = Debug|Any CPU
		Release|Any CPU = Release|Any CPU
	EndGlobalSection
	GlobalSection(ProjectConfigurationPlatforms) = postSolution
		{47288538-2546-4476-AECF-8C2C51978894}.Debug|Any CPU.ActiveCfg = Debug|Any CPU
		{47288538-2546-4476-AECF-8C2C51978894}.Debug|Any CPU.Build.0 = Debug|Any CPU
		{47288538-2546-4476-AECF-8C2C51978894}.Release|Any CPU.ActiveCfg = Release|Any CPU
		{47288538-2546-4476-AECF-8C2C51978894}.Release|Any CPU.Build.0 = Release|Any CPU
		{9DAC9300-3F22-4909-8225-52CEA5CC94DD}.Debug|Any CPU.ActiveCfg = Debug|Any CPU
		{9DAC9300-3F22-4909-8225-52CEA5CC94DD}.Debug|Any CPU.Build.0 = Debug|Any CPU
		{9DAC9300-3F22-4909-8225-52CEA5CC94DD}.Release|Any CPU.ActiveCfg = Release|Any CPU
		{9DAC9300-3F22-4909-8225-52CEA5CC94DD}.Release|Any CPU.Build.0 = Release|Any CPU
		{1D77673C-35F0-4EFE-8736-A52FFCF00EC4}.Debug|Any CPU.ActiveCfg = Debug|Any CPU
		{1D77673C-35F0-4EFE-8736-A52FFCF00EC4}.Debug|Any CPU.Build.0 = Debug|Any CPU
		{1D77673C-35F0-4EFE-8736-A52FFCF00EC4}.Release|Any CPU.ActiveCfg = Release|Any CPU
		{1D77673C-35F0-4EFE-8736-A52FFCF00EC4}.Release|Any CPU.Build.0 = Release|Any CPU
		{FF505445-2AFD-437C-AF6D-9D4F2579C2C7}.Debug|Any CPU.ActiveCfg = Debug|Any CPU
		{FF505445-2AFD-437C-AF6D-9D4F2579C2C7}.Debug|Any CPU.Build.0 = Debug|Any CPU
		{FF505445-2AFD-437C-AF6D-9D4F2579C2C7}.Release|Any CPU.ActiveCfg = Release|Any CPU
		{FF505445-2AFD-437C-AF6D-9D4F2579C2C7}.Release|Any CPU.Build.0 = Release|Any CPU
		{431F0D12-0023-47D5-B087-EB5B28AB65B2}.Debug|Any CPU.ActiveCfg = Debug|Any CPU
		{431F0D12-0023-47D5-B087-EB5B28AB65B2}.Debug|Any CPU.Build.0 = Debug|Any CPU
		{431F0D12-0023-47D5-B087-EB5B28AB65B2}.Release|Any CPU.ActiveCfg = Release|Any CPU
		{431F0D12-0023-47D5-B087-EB5B28AB65B2}.Release|Any CPU.Build.0 = Release|Any CPU
		{7081866C-2EAE-4433-B9F0-EF512257565D}.Debug|Any CPU.ActiveCfg = Debug|Any CPU
		{7081866C-2EAE-4433-B9F0-EF512257565D}.Debug|Any CPU.Build.0 = Debug|Any CPU
		{7081866C-2EAE-4433-B9F0-EF512257565D}.Release|Any CPU.ActiveCfg = Release|Any CPU
		{7081866C-2EAE-4433-B9F0-EF512257565D}.Release|Any CPU.Build.0 = Release|Any CPU
		{7CDED898-FC22-4D50-8673-6F52D6A48AA9}.Debug|Any CPU.ActiveCfg = Debug|Any CPU
		{7CDED898-FC22-4D50-8673-6F52D6A48AA9}.Debug|Any CPU.Build.0 = Debug|Any CPU
		{7CDED898-FC22-4D50-8673-6F52D6A48AA9}.Release|Any CPU.ActiveCfg = Release|Any CPU
		{7CDED898-FC22-4D50-8673-6F52D6A48AA9}.Release|Any CPU.Build.0 = Release|Any CPU
		{5C4B0758-6582-4799-AB11-963A6879B972}.Debug|Any CPU.ActiveCfg = Debug|Any CPU
		{5C4B0758-6582-4799-AB11-963A6879B972}.Debug|Any CPU.Build.0 = Debug|Any CPU
		{5C4B0758-6582-4799-AB11-963A6879B972}.Release|Any CPU.ActiveCfg = Release|Any CPU
		{5C4B0758-6582-4799-AB11-963A6879B972}.Release|Any CPU.Build.0 = Release|Any CPU
		{87840EE0-9BB9-47BB-9A39-30E62B0EA4CD}.Debug|Any CPU.ActiveCfg = Debug|Any CPU
		{87840EE0-9BB9-47BB-9A39-30E62B0EA4CD}.Debug|Any CPU.Build.0 = Debug|Any CPU
		{87840EE0-9BB9-47BB-9A39-30E62B0EA4CD}.Release|Any CPU.ActiveCfg = Release|Any CPU
		{87840EE0-9BB9-47BB-9A39-30E62B0EA4CD}.Release|Any CPU.Build.0 = Release|Any CPU
		{3D3B21BE-C49A-4623-A79E-2013A9BB5BF5}.Debug|Any CPU.ActiveCfg = Debug|Any CPU
		{3D3B21BE-C49A-4623-A79E-2013A9BB5BF5}.Debug|Any CPU.Build.0 = Debug|Any CPU
		{3D3B21BE-C49A-4623-A79E-2013A9BB5BF5}.Release|Any CPU.ActiveCfg = Release|Any CPU
		{3D3B21BE-C49A-4623-A79E-2013A9BB5BF5}.Release|Any CPU.Build.0 = Release|Any CPU
		{0C96DEB8-3ECC-4184-AD0B-9A160E948A6A}.Debug|Any CPU.ActiveCfg = Debug|Any CPU
		{0C96DEB8-3ECC-4184-AD0B-9A160E948A6A}.Debug|Any CPU.Build.0 = Debug|Any CPU
		{0C96DEB8-3ECC-4184-AD0B-9A160E948A6A}.Release|Any CPU.ActiveCfg = Release|Any CPU
		{0C96DEB8-3ECC-4184-AD0B-9A160E948A6A}.Release|Any CPU.Build.0 = Release|Any CPU
	EndGlobalSection
EndGlobal
